
Microsoft Visual Studio Solution File, Format Version 12.00
# Visual Studio 14
VisualStudioVersion = 14.0.25420.1
MinimumVisualStudioVersion = 10.0.40219.1
Project("{2150E333-8FDC-42A3-9474-1A3956D46DE8}") = "Source", "Source", "{AFAFCDBA-7FA9-41F6-9781-8A8A2D8DF995}"
EndProject
Project("{2150E333-8FDC-42A3-9474-1A3956D46DE8}") = "Tests", "Tests", "{F2244364-9EA4-4DB6-AC4C-6A71D430E4E4}"
EndProject
Project("{FAE04EC0-301F-11D3-BF4B-00C04F79EFBC}") = "PreservedMoose.SpecFlowHarness", "Source\SpecFlowHarness\PreservedMoose.SpecFlowHarness.csproj", "{28CAE5CB-AA5D-4B17-A0F9-FAE767D6E169}"
EndProject
Project("{FAE04EC0-301F-11D3-BF4B-00C04F79EFBC}") = "PreservedMoose.SpecFlowHarness.AcceptanceTests", "Tests\AcceptanceTests\PreservedMoose.SpecFlowHarness.AcceptanceTests.csproj", "{E5546477-A9BE-467B-A39B-69F4B4A2DDA0}"
EndProject
Project("{FAE04EC0-301F-11D3-BF4B-00C04F79EFBC}") = "PreservedMoose.SpecFlowHarness.UnitTests", "Tests\UnitTests\PreservedMoose.SpecFlowHarness.UnitTests.csproj", "{356E1E9A-77E1-4907-8417-4EF3F1403F90}"
EndProject
Project("{2150E333-8FDC-42A3-9474-1A3956D46DE8}") = "TestClasses", "TestClasses", "{5B24588D-D974-4038-BEF1-DD9C8712CB62}"
	ProjectSection(SolutionItems) = preProject
		Tests\TestClasses\Colour.cs = Tests\TestClasses\Colour.cs
		Tests\TestClasses\CycleType.cs = Tests\TestClasses\CycleType.cs
		Tests\TestClasses\YearMonth.cs = Tests\TestClasses\YearMonth.cs
		Tests\TestClasses\YearMonthComparer.cs = Tests\TestClasses\YearMonthComparer.cs
		Tests\TestClasses\YearMonthEqualityComparer.cs = Tests\TestClasses\YearMonthEqualityComparer.cs
	EndProjectSection
EndProject
Global
	GlobalSection(SolutionConfigurationPlatforms) = preSolution
		Debug|Any CPU = Debug|Any CPU
		Release|Any CPU = Release|Any CPU
	EndGlobalSection
	GlobalSection(ProjectConfigurationPlatforms) = postSolution
		{28CAE5CB-AA5D-4B17-A0F9-FAE767D6E169}.Debug|Any CPU.ActiveCfg = Debug|Any CPU
		{28CAE5CB-AA5D-4B17-A0F9-FAE767D6E169}.Debug|Any CPU.Build.0 = Debug|Any CPU
		{28CAE5CB-AA5D-4B17-A0F9-FAE767D6E169}.Release|Any CPU.ActiveCfg = Release|Any CPU
		{28CAE5CB-AA5D-4B17-A0F9-FAE767D6E169}.Release|Any CPU.Build.0 = Release|Any CPU
		{E5546477-A9BE-467B-A39B-69F4B4A2DDA0}.Debug|Any CPU.ActiveCfg = Debug|Any CPU
		{E5546477-A9BE-467B-A39B-69F4B4A2DDA0}.Debug|Any CPU.Build.0 = Debug|Any CPU
		{E5546477-A9BE-467B-A39B-69F4B4A2DDA0}.Release|Any CPU.ActiveCfg = Release|Any CPU
		{E5546477-A9BE-467B-A39B-69F4B4A2DDA0}.Release|Any CPU.Build.0 = Release|Any CPU
		{356E1E9A-77E1-4907-8417-4EF3F1403F90}.Debug|Any CPU.ActiveCfg = Debug|Any CPU
		{356E1E9A-77E1-4907-8417-4EF3F1403F90}.Debug|Any CPU.Build.0 = Debug|Any CPU
		{356E1E9A-77E1-4907-8417-4EF3F1403F90}.Release|Any CPU.ActiveCfg = Release|Any CPU
		{356E1E9A-77E1-4907-8417-4EF3F1403F90}.Release|Any CPU.Build.0 = Release|Any CPU
	EndGlobalSection
	GlobalSection(SolutionProperties) = preSolution
		HideSolutionNode = FALSE
	EndGlobalSection
	GlobalSection(NestedProjects) = preSolution
		{28CAE5CB-AA5D-4B17-A0F9-FAE767D6E169} = {AFAFCDBA-7FA9-41F6-9781-8A8A2D8DF995}
		{E5546477-A9BE-467B-A39B-69F4B4A2DDA0} = {F2244364-9EA4-4DB6-AC4C-6A71D430E4E4}
		{356E1E9A-77E1-4907-8417-4EF3F1403F90} = {F2244364-9EA4-4DB6-AC4C-6A71D430E4E4}
		{5B24588D-D974-4038-BEF1-DD9C8712CB62} = {F2244364-9EA4-4DB6-AC4C-6A71D430E4E4}
	EndGlobalSection
EndGlobal
